Microsoft Visual Studio Solution File, Format Version 12.00
# Visual Studio Version 17
VisualStudioVersion = 17.5.2.0
MinimumVisualStudioVersion = 10.0.40219.1
Project("{2150E333-8FDC-42A3-9474-1A3956D46DE8}") = "ApiInvoice", "ApiInvoice", "{E34C4D84-048E-3E5B-66E2-1CEF945856FA}"
EndProject
Project("{2150E333-8FDC-42A3-9474-1A3956D46DE8}") = "ApiProduct", "ApiProduct", "{68AB4F9D-E6D5-4586-3AC6-17526E8F595C}"
EndProject
Project("{FAE04EC0-301F-11D3-BF4B-00C04F79EFBC}") = "ApiNotaFiscal", "ApiInvoice\ApiNotaFiscal.csproj", "{3F994EA4-9456-C33B-EA96-7FE2064096CE}"
EndProject
Project("{FAE04EC0-301F-11D3-BF4B-00C04F79EFBC}") = "ApiProduto", "ApiProduct\ApiProduto.csproj", "{651BD004-6323-CA52-496C-2C6907EF000E}"
EndProject
Global
	GlobalSection(SolutionConfigurationPlatforms) = preSolution
		Debug|Any CPU = Debug|Any CPU
		Release|Any CPU = Release|Any CPU
	EndGlobalSection
	GlobalSection(ProjectConfigurationPlatforms) = postSolution
		{3F994EA4-9456-C33B-EA96-7FE2064096CE}.Debug|Any CPU.ActiveCfg = Debug|Any CPU
		{3F994EA4-9456-C33B-EA96-7FE2064096CE}.Debug|Any CPU.Build.0 = Debug|Any CPU
		{3F994EA4-9456-C33B-EA96-7FE2064096CE}.Release|Any CPU.ActiveCfg = Release|Any CPU
		{3F994EA4-9456-C33B-EA96-7FE2064096CE}.Release|Any CPU.Build.0 = Release|Any CPU
		{651BD004-6323-CA52-496C-2C6907EF000E}.Debug|Any CPU.ActiveCfg = Debug|Any CPU
		{651BD004-6323-CA52-496C-2C6907EF000E}.Debug|Any CPU.Build.0 = Debug|Any CPU
		{651BD004-6323-CA52-496C-2C6907EF000E}.Release|Any CPU.ActiveCfg = Release|Any CPU
		{651BD004-6323-CA52-496C-2C6907EF000E}.Release|Any CPU.Build.0 = Release|Any CPU
	EndGlobalSection
	GlobalSection(SolutionProperties) = preSolution
		HideSolutionNode = FALSE
	EndGlobalSection
	GlobalSection(NestedProjects) = preSolution
		{3F994EA4-9456-C33B-EA96-7FE2064096CE} = {E34C4D84-048E-3E5B-66E2-1CEF945856FA}
		{651BD004-6323-CA52-496C-2C6907EF000E} = {68AB4F9D-E6D5-4586-3AC6-17526E8F595C}
	EndGlobalSection
	GlobalSection(ExtensibilityGlobals) = postSolution
		SolutionGuid = {8AADAF81-8C0D-4BBA-9FF6-D6A6218905BA}
	EndGlobalSection
EndGlobal
